Microsoft Visual Studio Solution File, Format Version 12.00
# Visual Studio Version 17
VisualStudioVersion = 17.5.2.0
MinimumVisualStudioVersion = 10.0.40219.1
Project("{2150E333-8FDC-42A3-9474-1A3956D46DE8}") = "src", "src", "{827E0CD3-B72D-47B6-A68D-7590B98EB39B}"
EndProject
Project("{FAE04EC0-301F-11D3-BF4B-00C04F79EFBC}") = "BookStoreApi", "src\BookStoreApi\BookStoreApi.csproj", "{EE908584-CB1E-D55A-792D-5FE88AB8E234}"
EndProject
Project("{FAE04EC0-301F-11D3-BF4B-00C04F79EFBC}") = "BookStoreClient", "src\BookStoreClient\BookStoreClient.csproj", "{7DB83BE2-12B7-8295-7F3C-634E692E576E}"
EndProject
Global
	GlobalSection(SolutionConfigurationPlatforms) = preSolution
		Debug|Any CPU = Debug|Any CPU
		Release|Any CPU = Release|Any CPU
	EndGlobalSection
	GlobalSection(ProjectConfigurationPlatforms) = postSolution
		{EE908584-CB1E-D55A-792D-5FE88AB8E234}.Debug|Any CPU.ActiveCfg = Debug|Any CPU
		{EE908584-CB1E-D55A-792D-5FE88AB8E234}.Debug|Any CPU.Build.0 = Debug|Any CPU
		{EE908584-CB1E-D55A-792D-5FE88AB8E234}.Release|Any CPU.ActiveCfg = Release|Any CPU
		{EE908584-CB1E-D55A-792D-5FE88AB8E234}.Release|Any CPU.Build.0 = Release|Any CPU
		{7DB83BE2-12B7-8295-7F3C-634E692E576E}.Debug|Any CPU.ActiveCfg = Debug|Any CPU
		{7DB83BE2-12B7-8295-7F3C-634E692E576E}.Debug|Any CPU.Build.0 = Debug|Any CPU
		{7DB83BE2-12B7-8295-7F3C-634E692E576E}.Release|Any CPU.ActiveCfg = Release|Any CPU
		{7DB83BE2-12B7-8295-7F3C-634E692E576E}.Release|Any CPU.Build.0 = Release|Any CPU
	EndGlobalSection
	GlobalSection(SolutionProperties) = preSolution
		HideSolutionNode = FALSE
	EndGlobalSection
	GlobalSection(NestedProjects) = preSolution
		{EE908584-CB1E-D55A-792D-5FE88AB8E234} = {827E0CD3-B72D-47B6-A68D-7590B98EB39B}
		{7DB83BE2-12B7-8295-7F3C-634E692E576E} = {827E0CD3-B72D-47B6-A68D-7590B98EB39B}
	EndGlobalSection
	GlobalSection(ExtensibilityGlobals) = postSolution
		SolutionGuid = {5278BFAD-9D9E-4092-B0A5-40363C4EAB3D}
	EndGlobalSection
EndGlobal
